// !$*UTF8*$!
{
	archiveVersion = 1;
	classes = {
	};
	objectVersion = 55;
	objects = {

/* Begin PBXBuildFile section */
		CB915DDB27AA95BB0031AAD4 /* AppDelegate.swift in Sources */ = {isa = PBXBuildFile; fileRef = CB915DDA27AA95BB0031AAD4 /* AppDelegate.swift */; };
		CB915DDD27AA95BB0031AAD4 /* SceneDelegate.swift in Sources */ = {isa = PBXBuildFile; fileRef = CB915DDC27AA95BB0031AAD4 /* SceneDelegate.swift */; };
		CB915DDF27AA95BB0031AAD4 /* TranslateViewController.swift in Sources */ = {isa = PBXBuildFile; fileRef = CB915DDE27AA95BB0031AAD4 /* TranslateViewController.swift */; };
		CB915DE227AA95BB0031AAD4 /* Main.storyboard in Resources */ = {isa = PBXBuildFile; fileRef = CB915DE027AA95BB0031AAD4 /* Main.storyboard */; };
		CB915DE427AA95BC0031AAD4 /* Assets.xcassets in Resources */ = {isa = PBXBuildFile; fileRef = CB915DE327AA95BC0031AAD4 /* Assets.xcassets */; };
		CB915DE727AA95BC0031AAD4 /* LaunchScreen.storyboard in Resources */ = {isa = PBXBuildFile; fileRef = CB915DE527AA95BC0031AAD4 /* LaunchScreen.storyboard */; };
		CB915DF227AA95BC0031AAD4 /* Le_BaluchonTests.swift in Sources */ = {isa = PBXBuildFile; fileRef = CB915DF127AA95BC0031AAD4 /* Le_BaluchonTests.swift */; };
		CB915DFC27AA95BC0031AAD4 /* Le_BaluchonUITests.swift in Sources */ = {isa = PBXBuildFile; fileRef = CB915DFB27AA95BC0031AAD4 /* Le_BaluchonUITests.swift */; };
		CB915DFE27AA95BC0031AAD4 /* Le_BaluchonUITestsLaunchTests.swift in Sources */ = {isa = PBXBuildFile; fileRef = CB915DFD27AA95BC0031AAD4 /* Le_BaluchonUITestsLaunchTests.swift */; };
		CB915E0F27AD69340031AAD4 /* WeatherViewController.swift in Sources */ = {isa = PBXBuildFile; fileRef = CB915E0E27AD69340031AAD4 /* WeatherViewController.swift */; };
		CB915E1127AD69420031AAD4 /* CurrencyViewController.swift in Sources */ = {isa = PBXBuildFile; fileRef = CB915E1027AD69420031AAD4 /* CurrencyViewController.swift */; };
/* End PBXBuildFile section */

/* Begin PBXContainerItemProxy section */
		CB915DEE27AA95BC0031AAD4 /* PBXContainerItemProxy */ = {
			isa = PBXContainerItemProxy;
			containerPortal = CB915DCF27AA95BB0031AAD4 /* Project object */;
			proxyType = 1;
			remoteGlobalIDString = CB915DD627AA95BB0031AAD4;
			remoteInfo = "Le Baluchon";
		};
		CB915DF827AA95BC0031AAD4 /* PBXContainerItemProxy */ = {
			isa = PBXContainerItemProxy;
			containerPortal = CB915DCF27AA95BB0031AAD4 /* Project object */;
			proxyType = 1;
			remoteGlobalIDString = CB915DD627AA95BB0031AAD4;
			remoteInfo = "Le Baluchon";
		};
/* End PBXContainerItemProxy section */

/* Begin PBXFileReference section */
		CB915DD727AA95BB0031AAD4 /* Le Baluchon.app */ = {isa = PBXFileReference; explicitFileType = wrapper.application; includeInIndex = 0; path = "Le Baluchon.app"; sourceTree = BUILT_PRODUCTS_DIR; };
		CB915DDA27AA95BB0031AAD4 /* AppDelegate.swift */ = {isa = PBXFileReference; lastKnownFileType = sourcecode.swift; path = AppDelegate.swift; sourceTree = "<group>"; };
		CB915DDC27AA95BB0031AAD4 /* SceneDelegate.swift */ = {isa = PBXFileReference; lastKnownFileType = sourcecode.swift; path = SceneDelegate.swift; sourceTree = "<group>"; };
		CB915DDE27AA95BB0031AAD4 /* TranslateViewController.swift */ = {isa = PBXFileReference; lastKnownFileType = sourcecode.swift; path = TranslateViewController.swift; sourceTree = "<group>"; };
		CB915DE127AA95BB0031AAD4 /* Base */ = {isa = PBXFileReference; lastKnownFileType = file.storyboard; name = Base; path = Base.lproj/Main.storyboard; sourceTree = "<group>"; };
		CB915DE327AA95BC0031AAD4 /* Assets.xcassets */ = {isa = PBXFileReference; lastKnownFileType = folder.assetcatalog; path = Assets.xcassets; sourceTree = "<group>"; };
		CB915DE627AA95BC0031AAD4 /* Base */ = {isa = PBXFileReference; lastKnownFileType = file.storyboard; name = Base; path = Base.lproj/LaunchScreen.storyboard; sourceTree = "<group>"; };
		CB915DE827AA95BC0031AAD4 /* Info.plist */ = {isa = PBXFileReference; lastKnownFileType = text.plist.xml; path = Info.plist; sourceTree = "<group>"; };
		CB915DED27AA95BC0031AAD4 /* Le BaluchonTests.xctest */ = {isa = PBXFileReference; explicitFileType = wrapper.cfbundle; includeInIndex = 0; path = "Le BaluchonTests.xctest"; sourceTree = BUILT_PRODUCTS_DIR; };
		CB915DF127AA95BC0031AAD4 /* Le_BaluchonTests.swift */ = {isa = PBXFileReference; lastKnownFileType = sourcecode.swift; path = Le_BaluchonTests.swift; sourceTree = "<group>"; };
		CB915DF727AA95BC0031AAD4 /* Le BaluchonUITests.xctest */ = {isa = PBXFileReference; explicitFileType = wrapper.cfbundle; includeInIndex = 0; path = "Le BaluchonUITests.xctest"; sourceTree = BUILT_PRODUCTS_DIR; };
		CB915DFB27AA95BC0031AAD4 /* Le_BaluchonUITests.swift */ = {isa = PBXFileReference; lastKnownFileType = sourcecode.swift; path = Le_BaluchonUITests.swift; sourceTree = "<group>"; };
		CB915DFD27AA95BC0031AAD4 /* Le_BaluchonUITestsLaunchTests.swift */ = {isa = PBXFileReference; lastKnownFileType = sourcecode.swift; path = Le_BaluchonUITestsLaunchTests.swift; sourceTree = "<group>"; };
		CB915E0E27AD69340031AAD4 /* WeatherViewController.swift */ = {isa = PBXFileReference; lastKnownFileType = sourcecode.swift; path = WeatherViewController.swift; sourceTree = "<group>"; };
		CB915E1027AD69420031AAD4 /* CurrencyViewController.swift */ = {isa = PBXFileReference; lastKnownFileType = sourcecode.swift; path = CurrencyViewController.swift; sourceTree = "<group>"; };
/* End PBXFileReference section */

/* Begin PBXFrameworksBuildPhase section */
		CB915DD427AA95BB0031AAD4 /* Frameworks */ = {
			isa = PBXFrameworksBuildPhase;
			buildActionMask = 2147483647;
			files = (
			);
			runOnlyForDeploymentPostprocessing = 0;
		};
		CB915DEA27AA95BC0031AAD4 /* Frameworks */ = {
			isa = PBXFrameworksBuildPhase;
			buildActionMask = 2147483647;
			files = (
			);
			runOnlyForDeploymentPostprocessing = 0;
		};
		CB915DF427AA95BC0031AAD4 /* Frameworks */ = {
			isa = PBXFrameworksBuildPhase;
			buildActionMask = 2147483647;
			files = (
			);
			runOnlyForDeploymentPostprocessing = 0;
		};
/* End PBXFrameworksBuildPhase section */

/* Begin PBXGroup section */
		CB915DCE27AA95BB0031AAD4 = {
			isa = PBXGroup;
			children = (
				CB915DD927AA95BB0031AAD4 /* Le Baluchon */,
				CB915DF027AA95BC0031AAD4 /* Le BaluchonTests */,
				CB915DFA27AA95BC0031AAD4 /* Le BaluchonUITests */,
				CB915DD827AA95BB0031AAD4 /* Products */,
			);
			sourceTree = "<group>";
		};
		CB915DD827AA95BB0031AAD4 /* Products */ = {
			isa = PBXGroup;
			children = (
				CB915DD727AA95BB0031AAD4 /* Le Baluchon.app */,
				CB915DED27AA95BC0031AAD4 /* Le BaluchonTests.xctest */,
				CB915DF727AA95BC0031AAD4 /* Le BaluchonUITests.xctest */,
			);
			name = Products;
			sourceTree = "<group>";
		};
		CB915DD927AA95BB0031AAD4 /* Le Baluchon */ = {
			isa = PBXGroup;
			children = (
				CB915E0D27AA95DE0031AAD4 /* Support */,
				CB915E0C27AA95D50031AAD4 /* Model */,
				CB915E0B27AA95CC0031AAD4 /* View */,
				CB915E0A27AA95C30031AAD4 /* Controller */,
				CB915DE827AA95BC0031AAD4 /* Info.plist */,
			);
			path = "Le Baluchon";
			sourceTree = "<group>";
		};
		CB915DF027AA95BC0031AAD4 /* Le BaluchonTests */ = {
			isa = PBXGroup;
			children = (
				CB915DF127AA95BC0031AAD4 /* Le_BaluchonTests.swift */,
			);
			path = "Le BaluchonTests";
			sourceTree = "<group>";
		};
		CB915DFA27AA95BC0031AAD4 /* Le BaluchonUITests */ = {
			isa = PBXGroup;
			children = (
				CB915DFB27AA95BC0031AAD4 /* Le_BaluchonUITests.swift */,
				CB915DFD27AA95BC0031AAD4 /* Le_BaluchonUITestsLaunchTests.swift */,
			);
			path = "Le BaluchonUITests";
			sourceTree = "<group>";
		};
		CB915E0A27AA95C30031AAD4 /* Controller */ = {
			isa = PBXGroup;
			children = (
				CB915DDE27AA95BB0031AAD4 /* TranslateViewController.swift */,
				CB915E0E27AD69340031AAD4 /* WeatherViewController.swift */,
				CB915E1027AD69420031AAD4 /* CurrencyViewController.swift */,
			);
			path = Controller;
			sourceTree = "<group>";
		};
		CB915E0B27AA95CC0031AAD4 /* View */ = {
			isa = PBXGroup;
			children = (
				CB915DE027AA95BB0031AAD4 /* Main.storyboard */,
				CB915DE527AA95BC0031AAD4 /* LaunchScreen.storyboard */,
				CB915DE327AA95BC0031AAD4 /* Assets.xcassets */,
			);
			path = View;
			sourceTree = "<group>";
		};
		CB915E0C27AA95D50031AAD4 /* Model */ = {
			isa = PBXGroup;
			children = (
			);
			path = Model;
			sourceTree = "<group>";
		};
		CB915E0D27AA95DE0031AAD4 /* Support */ = {
			isa = PBXGroup;
			children = (
				CB915DDC27AA95BB0031AAD4 /* SceneDelegate.swift */,
				CB915DDA27AA95BB0031AAD4 /* AppDelegate.swift */,
			);
			path = Support;
			sourceTree = "<group>";
		};
/* End PBXGroup section */

/* Begin PBXNativeTarget section */
		CB915DD627AA95BB0031AAD4 /* Le Baluchon */ = {
			isa = PBXNativeTarget;
			buildConfigurationList = CB915E0127AA95BC0031AAD4 /* Build configuration list for PBXNativeTarget "Le Baluchon" */;
			buildPhases = (
				CB915DD327AA95BB0031AAD4 /* Sources */,
				CB915DD427AA95BB0031AAD4 /* Frameworks */,
				CB915DD527AA95BB0031AAD4 /* Resources */,
			);
			buildRules = (
			);
			dependencies = (
			);
			name = "Le Baluchon";
			productName = "Le Baluchon";
			productReference = CB915DD727AA95BB0031AAD4 /* Le Baluchon.app */;
			productType = "com.apple.product-type.application";
		};
		CB915DEC27AA95BC0031AAD4 /* Le BaluchonTests */ = {
			isa = PBXNativeTarget;
			buildConfigurationList = CB915E0427AA95BC0031AAD4 /* Build configuration list for PBXNativeTarget "Le BaluchonTests" */;
			buildPhases = (
				CB915DE927AA95BC0031AAD4 /* Sources */,
				CB915DEA27AA95BC0031AAD4 /* Frameworks */,
				CB915DEB27AA95BC0031AAD4 /* Resources */,
			);
			buildRules = (
			);
			dependencies = (
				CB915DEF27AA95BC0031AAD4 /* PBXTargetDependency */,
			);
			name = "Le BaluchonTests";
			productName = "Le BaluchonTests";
			productReference = CB915DED27AA95BC0031AAD4 /* Le BaluchonTests.xctest */;
			productType = "com.apple.product-type.bundle.unit-test";
		};
		CB915DF627AA95BC0031AAD4 /* Le BaluchonUITests */ = {
			isa = PBXNativeTarget;
			buildConfigurationList = CB915E0727AA95BC0031AAD4 /* Build configuration list for PBXNativeTarget "Le BaluchonUITests" */;
			buildPhases = (
				CB915DF327AA95BC0031AAD4 /* Sources */,
				CB915DF427AA95BC0031AAD4 /* Frameworks */,
				CB915DF527AA95BC0031AAD4 /* Resources */,
			);
			buildRules = (
			);
			dependencies = (
				CB915DF927AA95BC0031AAD4 /* PBXTargetDependency */,
			);
			name = "Le BaluchonUITests";
			productName = "Le BaluchonUITests";
			productReference = CB915DF727AA95BC0031AAD4 /* Le BaluchonUITests.xctest */;
			productType = "com.apple.product-type.bundle.ui-testing";
		};
/* End PBXNativeTarget section */

/* Begin PBXProject section */
		CB915DCF27AA95BB0031AAD4 /* Project object */ = {
			isa = PBXProject;
			attributes = {
				BuildIndependentTargetsInParallel = 1;
				LastSwiftUpdateCheck = 1310;
				LastUpgradeCheck = 1310;
				TargetAttributes = {
					CB915DD627AA95BB0031AAD4 = {
						CreatedOnToolsVersion = 13.1;
					};
					CB915DEC27AA95BC0031AAD4 = {
						CreatedOnToolsVersion = 13.1;
						TestTargetID = CB915DD627AA95BB0031AAD4;
					};
					CB915DF627AA95BC0031AAD4 = {
						CreatedOnToolsVersion = 13.1;
						TestTargetID = CB915DD627AA95BB0031AAD4;
					};
				};
			};
			buildConfigurationList = CB915DD227AA95BB0031AAD4 /* Build configuration list for PBXProject "Le Baluchon" */;
			compatibilityVersion = "Xcode 13.0";
			developmentRegion = en;
			hasScannedForEncodings = 0;
			knownRegions = (
				en,
				Base,
			);
			mainGroup = CB915DCE27AA95BB0031AAD4;
			productRefGroup = CB915DD827AA95BB0031AAD4 /* Products */;
			projectDirPath = "";
			projectRoot = "";
			targets = (
				CB915DD627AA95BB0031AAD4 /* Le Baluchon */,
				CB915DEC27AA95BC0031AAD4 /* Le BaluchonTests */,
				CB915DF627AA95BC0031AAD4 /* Le BaluchonUITests */,
			);
		};
/* End PBXProject section */

/* Begin PBXResourcesBuildPhase section */
		CB915DD527AA95BB0031AAD4 /* Resources */ = {
			isa = PBXResourcesBuildPhase;
			buildActionMask = 2147483647;
			files = (
				CB915DE727AA95BC0031AAD4 /* LaunchScreen.storyboard in Resources */,
				CB915DE427AA95BC0031AAD4 /* Assets.xcassets in Resources */,
				CB915DE227AA95BB0031AAD4 /* Main.storyboard in Resources */,
			);
			runOnlyForDeploymentPostprocessing = 0;
		};
		CB915DEB27AA95BC0031AAD4 /* Resources */ = {
			isa = PBXResourcesBuildPhase;
			buildActionMask = 2147483647;
			files = (
			);
			runOnlyForDeploymentPostprocessing = 0;
		};
		CB915DF527AA95BC0031AAD4 /* Resources */ = {
			isa = PBXResourcesBuildPhase;
			buildActionMask = 2147483647;
			files = (
			);
			runOnlyForDeploymentPostprocessing = 0;
		};
/* End PBXResourcesBuildPhase section */

/* Begin PBXSourcesBuildPhase section */
		CB915DD327AA95BB0031AAD4 /* Sources */ = {
			isa = PBXSourcesBuildPhase;
			buildActionMask = 2147483647;
			files = (
				CB915DDF27AA95BB0031AAD4 /* TranslateViewController.swift in Sources */,
				CB915E0F27AD69340031AAD4 /* WeatherViewController.swift in Sources */,
				CB915DDB27AA95BB0031AAD4 /* AppDelegate.swift in Sources */,
				CB915DDD27AA95BB0031AAD4 /* SceneDelegate.swift in Sources */,
				CB915E1127AD69420031AAD4 /* CurrencyViewController.swift in Sources */,
			);
			runOnlyForDeploymentPostprocessing = 0;
		};
		CB915DE927AA95BC0031AAD4 /* Sources */ = {
			isa = PBXSourcesBuildPhase;
			buildActionMask = 2147483647;
			files = (
				CB915DF227AA95BC0031AAD4 /* Le_BaluchonTests.swift in Sources */,
			);
			runOnlyForDeploymentPostprocessing = 0;
		};
		CB915DF327AA95BC0031AAD4 /* Sources */ = {
			isa = PBXSourcesBuildPhase;
			buildActionMask = 2147483647;
			files = (
				CB915DFC27AA95BC0031AAD4 /* Le_BaluchonUITests.swift in Sources */,
				CB915DFE27AA95BC0031AAD4 /* Le_BaluchonUITestsLaunchTests.swift in Sources */,
			);
			runOnlyForDeploymentPostprocessing = 0;
		};
/* End PBXSourcesBuildPhase section */

/* Begin PBXTargetDependency section */
		CB915DEF27AA95BC0031AAD4 /* PBXTargetDependency */ = {
			isa = PBXTargetDependency;
			target = CB915DD627AA95BB0031AAD4 /* Le Baluchon */;
			targetProxy = CB915DEE27AA95BC0031AAD4 /* PBXContainerItemProxy */;
		};
		CB915DF927AA95BC0031AAD4 /* PBXTargetDependency */ = {
			isa = PBXTargetDependency;
			target = CB915DD627AA95BB0031AAD4 /* Le Baluchon */;
			targetProxy = CB915DF827AA95BC0031AAD4 /* PBXContainerItemProxy */;
		};
/* End PBXTargetDependency section */

/* Begin PBXVariantGroup section */
		CB915DE027AA95BB0031AAD4 /* Main.storyboard */ = {
			isa = PBXVariantGroup;
			children = (
				CB915DE127AA95BB0031AAD4 /* Base */,
			);
			name = Main.storyboard;
			sourceTree = "<group>";
		};
		CB915DE527AA95BC0031AAD4 /* LaunchScreen.storyboard */ = {
			isa = PBXVariantGroup;
			children = (
				CB915DE627AA95BC0031AAD4 /* Base */,
			);
			name = LaunchScreen.storyboard;
			sourceTree = "<group>";
		};
/* End PBXVariantGroup section */

/* Begin XCBuildConfiguration section */
		CB915DFF27AA95BC0031AAD4 /* Debug */ = {
			isa = XCBuildConfiguration;
			buildSettings = {
				ALWAYS_SEARCH_USER_PATHS = NO;
				CLANG_ANALYZER_NONNULL = YES;
				CLANG_ANALYZER_NUMBER_OBJECT_CONVERSION = YES_AGGRESSIVE;
				CLANG_CXX_LANGUAGE_STANDARD = "gnu++17";
				CLANG_CXX_LIBRARY = "libc++";
				CLANG_ENABLE_MODULES = YES;
				CLANG_ENABLE_OBJC_ARC = YES;
				CLANG_ENABLE_OBJC_WEAK = YES;
				CLANG_WARN_BLOCK_CAPTURE_AUTORELEASING = YES;
				CLANG_WARN_BOOL_CONVERSION = YES;
				CLANG_WARN_COMMA = YES;
				CLANG_WARN_CONSTANT_CONVERSION = YES;
				CLANG_WARN_DEPRECATED_OBJC_IMPLEMENTATIONS = YES;
				CLANG_WARN_DIRECT_OBJC_ISA_USAGE = YES_ERROR;
				CLANG_WARN_DOCUMENTATION_COMMENTS = YES;
				CLANG_WARN_EMPTY_BODY = YES;
				CLANG_WARN_ENUM_CONVERSION = YES;
				CLANG_WARN_INFINITE_RECURSION = YES;
				CLANG_WARN_INT_CONVERSION = YES;
				CLANG_WARN_NON_LITERAL_NULL_CONVERSION = YES;
				CLANG_WARN_OBJC_IMPLICIT_RETAIN_SELF = YES;
				CLANG_WARN_OBJC_LITERAL_CONVERSION = YES;
				CLANG_WARN_OBJC_ROOT_CLASS = YES_ERROR;
				CLANG_WARN_QUOTED_INCLUDE_IN_FRAMEWORK_HEADER = YES;
				CLANG_WARN_RANGE_LOOP_ANALYSIS = YES;
				CLANG_WARN_STRICT_PROTOTYPES = YES;
				CLANG_WARN_SUSPICIOUS_MOVE = YES;
				CLANG_WARN_UNGUARDED_AVAILABILITY = YES_AGGRESSIVE;
				CLANG_WARN_UNREACHABLE_CODE = YES;
				CLANG_WARN__DUPLICATE_METHOD_MATCH = YES;
				COPY_PHASE_STRIP = NO;
				DEBUG_INFORMATION_FORMAT = dwarf;
				ENABLE_STRICT_OBJC_MSGSEND = YES;
				ENABLE_TESTABILITY = YES;
				GCC_C_LANGUAGE_STANDARD = gnu11;
				GCC_DYNAMIC_NO_PIC = NO;
				GCC_NO_COMMON_BLOCKS = YES;
				GCC_OPTIMIZATION_LEVEL = 0;
				GCC_PREPROCESSOR_DEFINITIONS = (
					"DEBUG=1",
					"$(inherited)",
				);
				GCC_WARN_64_TO_32_BIT_CONVERSION = YES;
				GCC_WARN_ABOUT_RETURN_TYPE = YES_ERROR;
				GCC_WARN_UNDECLARED_SELECTOR = YES;
				GCC_WARN_UNINITIALIZED_AUTOS = YES_AGGRESSIVE;
				GCC_WARN_UNUSED_FUNCTION = YES;
				GCC_WARN_UNUSED_VARIABLE = YES;
				IPHONEOS_DEPLOYMENT_TARGET = 13.0;
				MTL_ENABLE_DEBUG_INFO = INCLUDE_SOURCE;
				MTL_FAST_MATH = YES;
				ONLY_ACTIVE_ARCH = YES;
				SDKROOT = iphoneos;
				SWIFT_ACTIVE_COMPILATION_CONDITIONS = DEBUG;
				SWIFT_OPTIMIZATION_LEVEL = "-Onone";
			};
			name = Debug;
		};
		CB915E0027AA95BC0031AAD4 /* Release */ = {
			isa = XCBuildConfiguration;
			buildSettings = {
				ALWAYS_SEARCH_USER_PATHS = NO;
				CLANG_ANALYZER_NONNULL = YES;
				CLANG_ANALYZER_NUMBER_OBJECT_CONVERSION = YES_AGGRESSIVE;
				CLANG_CXX_LANGUAGE_STANDARD = "gnu++17";
				CLANG_CXX_LIBRARY = "libc++";
				CLANG_ENABLE_MODULES = YES;
				CLANG_ENABLE_OBJC_ARC = YES;
				CLANG_ENABLE_OBJC_WEAK = YES;
				CLANG_WARN_BLOCK_CAPTURE_AUTORELEASING = YES;
				CLANG_WARN_BOOL_CONVERSION = YES;
				CLANG_WARN_COMMA = YES;
				CLANG_WARN_CONSTANT_CONVERSION = YES;
				CLANG_WARN_DEPRECATED_OBJC_IMPLEMENTATIONS = YES;
				CLANG_WARN_DIRECT_OBJC_ISA_USAGE = YES_ERROR;
				CLANG_WARN_DOCUMENTATION_COMMENTS = YES;
				CLANG_WARN_EMPTY_BODY = YES;
				CLANG_WARN_ENUM_CONVERSION = YES;
				CLANG_WARN_INFINITE_RECURSION = YES;
				CLANG_WARN_INT_CONVERSION = YES;
				CLANG_WARN_NON_LITERAL_NULL_CONVERSION = YES;
				CLANG_WARN_OBJC_IMPLICIT_RETAIN_SELF = YES;
				CLANG_WARN_OBJC_LITERAL_CONVERSION = YES;
				CLANG_WARN_OBJC_ROOT_CLASS = YES_ERROR;
				CLANG_WARN_QUOTED_INCLUDE_IN_FRAMEWORK_HEADER = YES;
				CLANG_WARN_RANGE_LOOP_ANALYSIS = YES;
				CLANG_WARN_STRICT_PROTOTYPES = YES;
				CLANG_WARN_SUSPICIOUS_MOVE = YES;
				CLANG_WARN_UNGUARDED_AVAILABILITY = YES_AGGRESSIVE;
				CLANG_WARN_UNREACHABLE_CODE = YES;
				CLANG_WARN__DUPLICATE_METHOD_MATCH = YES;
				COPY_PHASE_STRIP = NO;
				DEBUG_INFORMATION_FORMAT = "dwarf-with-dsym";
				ENABLE_NS_ASSERTIONS = NO;
				ENABLE_STRICT_OBJC_MSGSEND = YES;
				GCC_C_LANGUAGE_STANDARD = gnu11;
				GCC_NO_COMMON_BLOCKS = YES;
				GCC_WARN_64_TO_32_BIT_CONVERSION = YES;
				GCC_WARN_ABOUT_RETURN_TYPE = YES_ERROR;
				GCC_WARN_UNDECLARED_SELECTOR = YES;
				GCC_WARN_UNINITIALIZED_AUTOS = YES_AGGRESSIVE;
				GCC_WARN_UNUSED_FUNCTION = YES;
				GCC_WARN_UNUSED_VARIABLE = YES;
				IPHONEOS_DEPLOYMENT_TARGET = 13.0;
				MTL_ENABLE_DEBUG_INFO = NO;
				MTL_FAST_MATH = YES;
				SDKROOT = iphoneos;
				SWIFT_COMPILATION_MODE = wholemodule;
				SWIFT_OPTIMIZATION_LEVEL = "-O";
				VALIDATE_PRODUCT = YES;
			};
			name = Release;
		};
		CB915E0227AA95BC0031AAD4 /* Debug */ = {
			isa = XCBuildConfiguration;
			buildSettings = {
				ASSETCATALOG_COMPILER_APPICON_NAME = AppIcon;
				ASSETCATALOG_COMPILER_GLOBAL_ACCENT_COLOR_NAME = AccentColor;
				CODE_SIGN_STYLE = Automatic;
				CURRENT_PROJECT_VERSION = 1;
				DEVELOPMENT_TEAM = 8DH5GFY2YA;
				GENERATE_INFOPLIST_FILE = YES;
				INFOPLIST_FILE = "Le Baluchon/Info.plist";
				INFOPLIST_KEY_UIApplicationSupportsIndirectInputEvents = YES;
				INFOPLIST_KEY_UILaunchStoryboardName = LaunchScreen;
				INFOPLIST_KEY_UIMainStoryboardFile = Main;
				INFOPLIST_KEY_UISupportedInterfaceOrientations_iPad = "UIInterfaceOrientationPortrait UIInterfaceOrientationPortraitUpsideDown UIInterfaceOrientationLandscapeLeft UIInterfaceOrientationLandscapeRight";
				INFOPLIST_KEY_UISupportedInterfaceOrientations_iPhone = "UIInterfaceOrientationPortrait UIInterfaceOrientationLandscapeLeft UIInterfaceOrientationLandscapeRight";
				LD_RUNPATH_SEARCH_PATHS = (
					"$(inherited)",
					"@executable_path/Frameworks",
				);
				MARKETING_VERSION = 1.0;
				PRODUCT_BUNDLE_IDENTIFIER = "fr.openclassrooms.srihet.Le-Baluchon";
				PRODUCT_NAME = "$(TARGET_NAME)";
				SWIFT_EMIT_LOC_STRINGS = YES;
				SWIFT_VERSION = 5.0;
				TARGETED_DEVICE_FAMILY = "1,2";
			};
			name = Debug;
		};
		CB915E0327AA95BC0031AAD4 /* Release */ = {
			isa = XCBuildConfiguration;
			buildSettings = {
				ASSETCATALOG_COMPILER_APPICON_NAME = AppIcon;
				ASSETCATALOG_COMPILER_GLOBAL_ACCENT_COLOR_NAME = AccentColor;
				CODE_SIGN_STYLE = Automatic;
				CURRENT_PROJECT_VERSION = 1;
				DEVELOPMENT_TEAM = 8DH5GFY2YA;
				GENERATE_INFOPLIST_FILE = YES;
				INFOPLIST_FILE = "Le Baluchon/Info.plist";
				INFOPLIST_KEY_UIApplicationSupportsIndirectInputEvents = YES;
				INFOPLIST_KEY_UILaunchStoryboardName = LaunchScreen;
				INFOPLIST_KEY_UIMainStoryboardFile = Main;
				INFOPLIST_KEY_UISupportedInterfaceOrientations_iPad = "UIInterfaceOrientationPortrait UIInterfaceOrientationPortraitUpsideDown UIInterfaceOrientationLandscapeLeft UIInterfaceOrientationLandscapeRight";
				INFOPLIST_KEY_UISupportedInterfaceOrientations_iPhone = "UIInterfaceOrientationPortrait UIInterfaceOrientationLandscapeLeft UIInterfaceOrientationLandscapeRight";
				LD_RUNPATH_SEARCH_PATHS = (
					"$(inherited)",
					"@executable_path/Frameworks",
				);
				MARKETING_VERSION = 1.0;
				PRODUCT_BUNDLE_IDENTIFIER = "fr.openclassrooms.srihet.Le-Baluchon";
				PRODUCT_NAME = "$(TARGET_NAME)";
				SWIFT_EMIT_LOC_STRINGS = YES;
				SWIFT_VERSION = 5.0;
				TARGETED_DEVICE_FAMILY = "1,2";
			};
			name = Release;
		};
		CB915E0527AA95BC0031AAD4 /* Debug */ = {
			isa = XCBuildConfiguration;
			buildSettings = {
				ALWAYS_EMBED_SWIFT_STANDARD_LIBRARIES = YES;
				BUNDLE_LOADER = "$(TEST_HOST)";
				CODE_SIGN_STYLE = Automatic;
				CURRENT_PROJECT_VERSION = 1;
				DEVELOPMENT_TEAM = 8DH5GFY2YA;
				GENERATE_INFOPLIST_FILE = YES;
				IPHONEOS_DEPLOYMENT_TARGET = 15.0;
				LD_RUNPATH_SEARCH_PATHS = (
					"$(inherited)",
					"@executable_path/Frameworks",
					"@loader_path/Frameworks",
				);
				MARKETING_VERSION = 1.0;
				PRODUCT_BUNDLE_IDENTIFIER = "fr.openclassrooms.srihet.Le-BaluchonTests";
				PRODUCT_NAME = "$(TARGET_NAME)";
				SWIFT_EMIT_LOC_STRINGS = NO;
				SWIFT_VERSION = 5.0;
				TARGETED_DEVICE_FAMILY = "1,2";
				TEST_HOST = "$(BUILT_PRODUCTS_DIR)/Le Baluchon.app/Le Baluchon";
			};
			name = Debug;
		};
		CB915E0627AA95BC0031AAD4 /* Release */ = {
			isa = XCBuildConfiguration;
			buildSettings = {
				ALWAYS_EMBED_SWIFT_STANDARD_LIBRARIES = YES;
				BUNDLE_LOADER = "$(TEST_HOST)";
				CODE_SIGN_STYLE = Automatic;
				CURRENT_PROJECT_VERSION = 1;
				DEVELOPMENT_TEAM = 8DH5GFY2YA;
				GENERATE_INFOPLIST_FILE = YES;
				IPHONEOS_DEPLOYMENT_TARGET = 15.0;
				LD_RUNPATH_SEARCH_PATHS = (
					"$(inherited)",
					"@executable_path/Frameworks",
					"@loader_path/Frameworks",
				);
				MARKETING_VERSION = 1.0;
				PRODUCT_BUNDLE_IDENTIFIER = "fr.openclassrooms.srihet.Le-BaluchonTests";
				PRODUCT_NAME = "$(TARGET_NAME)";
				SWIFT_EMIT_LOC_STRINGS = NO;
				SWIFT_VERSION = 5.0;
				TARGETED_DEVICE_FAMILY = "1,2";
				TEST_HOST = "$(BUILT_PRODUCTS_DIR)/Le Baluchon.app/Le Baluchon";
			};
			name = Release;
		};
		CB915E0827AA95BC0031AAD4 /* Debug */ = {
			isa = XCBuildConfiguration;
			buildSettings = {
				ALWAYS_EMBED_SWIFT_STANDARD_LIBRARIES = YES;
				CODE_SIGN_STYLE = Automatic;
				CURRENT_PROJECT_VERSION = 1;
				DEVELOPMENT_TEAM = 8DH5GFY2YA;
				GENERATE_INFOPLIST_FILE = YES;
				LD_RUNPATH_SEARCH_PATHS = (
					"$(inherited)",
					"@executable_path/Frameworks",
					"@loader_path/Frameworks",
				);
				MARKETING_VERSION = 1.0;
				PRODUCT_BUNDLE_IDENTIFIER = "fr.openclassrooms.srihet.Le-BaluchonUITests";
				PRODUCT_NAME = "$(TARGET_NAME)";
				SWIFT_EMIT_LOC_STRINGS = NO;
				SWIFT_VERSION = 5.0;
				TARGETED_DEVICE_FAMILY = "1,2";
				TEST_TARGET_NAME = "Le Baluchon";
			};
			name = Debug;
		};
		CB915E0927AA95BC0031AAD4 /* Release */ = {
			isa = XCBuildConfiguration;
			buildSettings = {
				ALWAYS_EMBED_SWIFT_STANDARD_LIBRARIES = YES;
				CODE_SIGN_STYLE = Automatic;
				CURRENT_PROJECT_VERSION = 1;
				DEVELOPMENT_TEAM = 8DH5GFY2YA;
				GENERATE_INFOPLIST_FILE = YES;
				LD_RUNPATH_SEARCH_PATHS = (
					"$(inherited)",
					"@executable_path/Frameworks",
					"@loader_path/Frameworks",
				);
				MARKETING_VERSION = 1.0;
				PRODUCT_BUNDLE_IDENTIFIER = "fr.openclassrooms.srihet.Le-BaluchonUITests";
				PRODUCT_NAME = "$(TARGET_NAME)";
				SWIFT_EMIT_LOC_STRINGS = NO;
				SWIFT_VERSION = 5.0;
				TARGETED_DEVICE_FAMILY = "1,2";
				TEST_TARGET_NAME = "Le Baluchon";
			};
			name = Release;
		};
/* End XCBuildConfiguration section */

/* Begin XCConfigurationList section */
		CB915DD227AA95BB0031AAD4 /* Build configuration list for PBXProject "Le Baluchon" */ = {
			isa = XCConfigurationList;
			buildConfigurations = (
				CB915DFF27AA95BC0031AAD4 /* Debug */,
				CB915E0027AA95BC0031AAD4 /* Release */,
			);
			defaultConfigurationIsVisible = 0;
			defaultConfigurationName = Release;
		};
		CB915E0127AA95BC0031AAD4 /* Build configuration list for PBXNativeTarget "Le Baluchon" */ = {
			isa = XCConfigurationList;
			buildConfigurations = (
				CB915E0227AA95BC0031AAD4 /* Debug */,
				CB915E0327AA95BC0031AAD4 /* Release */,
			);
			defaultConfigurationIsVisible = 0;
			defaultConfigurationName = Release;
		};
		CB915E0427AA95BC0031AAD4 /* Build configuration list for PBXNativeTarget "Le BaluchonTests" */ = {
			isa = XCConfigurationList;
			buildConfigurations = (
				CB915E0527AA95BC0031AAD4 /* Debug */,
				CB915E0627AA95BC0031AAD4 /* Release */,
			);
			defaultConfigurationIsVisible = 0;
			defaultConfigurationName = Release;
		};
		CB915E0727AA95BC0031AAD4 /* Build configuration list for PBXNativeTarget "Le BaluchonUITests" */ = {
			isa = XCConfigurationList;
			buildConfigurations = (
				CB915E0827AA95BC0031AAD4 /* Debug */,
				CB915E0927AA95BC0031AAD4 /* Release */,
			);
			defaultConfigurationIsVisible = 0;
			defaultConfigurationName = Release;
		};
/* End XCConfigurationList section */
	};
	rootObject = CB915DCF27AA95BB0031AAD4 /* Project object */;
}
